
Microsoft Visual Studio Solution File, Format Version 12.00
# Visual Studio Version 17
VisualStudioVersion = 17.10.35122.118
MinimumVisualStudioVersion = 10.0.40219.1
Project("{FAE04EC0-301F-11D3-BF4B-00C04F79EFBC}") = "Prueba_Back", "Prueba_Back.csproj", "{88AA6C15-8EB4-4DB2-8AF0-E4510818B826}"
EndProject
Global
	GlobalSection(SolutionConfigurationPlatforms) = preSolution
		Debug|Any CPU = Debug|Any CPU
		Release|Any CPU = Release|Any CPU
	EndGlobalSection
	GlobalSection(ProjectConfigurationPlatforms) = postSolution
		{88AA6C15-8EB4-4DB2-8AF0-E4510818B826}.Debug|Any CPU.ActiveCfg = Debug|Any CPU
		{88AA6C15-8EB4-4DB2-8AF0-E4510818B826}.Debug|Any CPU.Build.0 = Debug|Any CPU
		{88AA6C15-8EB4-4DB2-8AF0-E4510818B826}.Release|Any CPU.ActiveCfg = Release|Any CPU
		{88AA6C15-8EB4-4DB2-8AF0-E4510818B826}.Release|Any CPU.Build.0 = Release|Any CPU
	EndGlobalSection
	GlobalSection(SolutionProperties) = preSolution
		HideSolutionNode = FALSE
	EndGlobalSection
	GlobalSection(ExtensibilityGlobals) = postSolution
		SolutionGuid = {1DD2A7FB-B89E-4832-AC21-5D853157F132}
	EndGlobalSection
EndGlobal
